# This file is @generated by PDM.
# It is not intended for manual editing.

[metadata]
groups = ["default"]
strategy = ["inherit_metadata"]
lock_version = "4.5.0"
content_hash = "sha256:2cafd2c770a22975be39d81a387d841a853a8d366849cd69c6e1efb707f28231"

[[metadata.targets]]
requires_python = ">=3.10"

[[package]]
name = "dependency-injector"
version = "4.48.1"
requires_python = ">=3.8"
summary = "Dependency injection framework for Python"
groups = ["default"]
dependencies = [
    "typing-extensions; python_version < \"3.11\"",
]
files = [
    {file = "dependency_injector-4.48.1-cp38-abi3-macosx_11_0_arm64.whl", hash = "sha256:a6f73011d532f3ea59689aad85c7999be6da3f30393041a745d5861cdcdc02e4"},
    {file = "dependency_injector-4.48.1-cp38-abi3-manylinux1_x86_64.manylinux_2_28_x86_64.manylinux_2_5_x86_64.whl", hash = "sha256:ac09f508fa9aee06a036ebf3e3d3b2a210276aba1993e9993cec7f1fdc5fd89e"},
    {file = "dependency_injector-4.48.1-cp38-abi3-manylinux2014_aarch64.manylinux_2_17_aarch64.manylinux_2_28_aarch64.whl", hash = "sha256:1b05a4a980096b53ad90a87965c5450183bfbb8bbe36615d7cea97537086d622"},
    {file = "dependency_injector-4.48.1-cp38-abi3-musllinux_1_2_aarch64.whl", hash = "sha256:0506e98440ee6c48fe660016d602961b1b3ecc0a8227838a2221048ed11e2fca"},
    {file = "dependency_injector-4.48.1-cp38-abi3-musllinux_1_2_x86_64.whl", hash = "sha256:1994622eae8917138626303b176cba4c74e625ba1e588cb09d673ca175d299a2"},
    {file = "dependency_injector-4.48.1-cp38-abi3-win32.whl", hash = "sha256:58d4d81f92e3267c331f160cbbb517fd7644b95ee57a0d6e4b01f53a7e437a4a"},
    {file = "dependency_injector-4.48.1-cp38-abi3-win_amd64.whl", hash = "sha256:572b22b7db9b103718ea52634b5ca1ef763278338310254334f4633a57c9f0e7"},
    {file = "dependency_injector-4.48.1-pp310-pypy310_pp73-macosx_11_0_arm64.whl", hash = "sha256:9a7862987b3dcab5ac4fd82f6bbda55d3b15af1ca7492757c428deccc3720140"},
    {file = "dependency_injector-4.48.1-pp310-pypy310_pp73-manylinux1_x86_64.manylinux_2_28_x86_64.manylinux_2_5_x86_64.whl", hash = "sha256:bb33c6d6b6100564dfaee20f3f76a2756158cceff6499e9d0bca8290f8e5f124"},
    {file = "dependency_injector-4.48.1-pp310-pypy310_pp73-manylinux2014_aarch64.manylinux_2_17_aarch64.manylinux_2_28_aarch64.whl", hash = "sha256:a659380386bd236579b7f82f51e97f6074d0c878a10db5b50086000de6ce3c28"},
    {file = "dependency_injector-4.48.1-pp310-pypy310_pp73-win_amd64.whl", hash = "sha256:76774369c7268d5dd211af75abfcb4433d972760be90db342c2de325ee4c24a0"},
    {file = "dependency_injector-4.48.1-pp311-pypy311_pp73-macosx_11_0_arm64.whl", hash = "sha256:51f8d9d78a1a147908ed7929df628d859251a814e6a001973bd96ae2b5648760"},
    {file = "dependency_injector-4.48.1-pp311-pypy311_pp73-manylinux1_x86_64.manylinux_2_28_x86_64.manylinux_2_5_x86_64.whl", hash = "sha256:2c23ab17cd3e160de1fc5d78719bf86fbfc81c21c8ea02b43832a6a1e2c8a8d8"},
    {file = "dependency_injector-4.48.1-pp311-pypy311_pp73-manylinux2014_aarch64.manylinux_2_17_aarch64.manylinux_2_28_aarch64.whl", hash = "sha256:79be912a0dedb1341b1400018defca6a9966fcb8d4a84b325623fa57d3c08171"},
    {file = "dependency_injector-4.48.1-pp311-pypy311_pp73-win_amd64.whl", hash = "sha256:65d9cf9f4eb31f837ed387210158e0003a4509478de1cbdc56c8439232f22ecd"},
    {file = "dependency_injector-4.48.1.tar.gz", hash = "sha256:1805185e4522effad6d5e348c255d27e80d3f8adc89701daf13d743367392978"},
]

[[package]]
name = "typing-extensions"
version = "4.14.1"
requires_python = ">=3.9"
summary = "Backported and Experimental Type Hints for Python 3.9+"
groups = ["default"]
marker = "python_version < \"3.11\""
files = [
    {file = "typing_extensions-4.14.1-py3-none-any.whl", hash = "sha256:d1e1e3b58374dc93031d6eda2420a48ea44a36c2b4766a4fdeb3710755731d76"},
    {file = "typing_extensions-4.14.1.tar.gz", hash = "sha256:38b39f4aeeab64884ce9f74c94263ef78f3c22467c8724005483154c26648d36"},
]
